
Microsoft Visual Studio Solution File, Format Version 12.00
# Visual Studio Version 17
VisualStudioVersion = 17.8.34316.72
MinimumVisualStudioVersion = 10.0.40219.1
Project("{FAE04EC0-301F-11D3-BF4B-00C04F79EFBC}") = "Test_server", "Test_server.csproj", "{D7BD2834-8037-4F44-A101-6B4E3CA0E122}"
EndProject
Global
	GlobalSection(SolutionConfigurationPlatforms) = preSolution
		Debug|Any CPU = Debug|Any CPU
		Debug|x64 = Debug|x64
		Release|Any CPU = Release|Any CPU
		Release|x64 = Release|x64
	EndGlobalSection
	GlobalSection(ProjectConfigurationPlatforms) = postSolution
		{D7BD2834-8037-4F44-A101-6B4E3CA0E122}.Debug|Any CPU.ActiveCfg = Debug|Any CPU
		{D7BD2834-8037-4F44-A101-6B4E3CA0E122}.Debug|Any CPU.Build.0 = Debug|Any CPU
		{D7BD2834-8037-4F44-A101-6B4E3CA0E122}.Debug|x64.ActiveCfg = Debug|x64
		{D7BD2834-8037-4F44-A101-6B4E3CA0E122}.Debug|x64.Build.0 = Debug|x64
		{D7BD2834-8037-4F44-A101-6B4E3CA0E122}.Release|Any CPU.ActiveCfg = Release|Any CPU
		{D7BD2834-8037-4F44-A101-6B4E3CA0E122}.Release|Any CPU.Build.0 = Release|Any CPU
		{D7BD2834-8037-4F44-A101-6B4E3CA0E122}.Release|x64.ActiveCfg = Release|x64
		{D7BD2834-8037-4F44-A101-6B4E3CA0E122}.Release|x64.Build.0 = Release|x64
	EndGlobalSection
	GlobalSection(SolutionProperties) = preSolution
		HideSolutionNode = FALSE
	EndGlobalSection
	GlobalSection(ExtensibilityGlobals) = postSolution
		SolutionGuid = {C880466F-37D7-4EB4-A251-628828D16C5F}
	EndGlobalSection
EndGlobal
